
Microsoft Visual Studio Solution File, Format Version 12.00
# Visual Studio Version 17
VisualStudioVersion = 17.8.34511.84
MinimumVisualStudioVersion = 10.0.40219.1
Project("{9A19103F-16F7-4668-BE54-9A1E7A4F7556}") = "TinyOS.Extension.Debug", "TinyOS.Extension.Debug.csproj", "{8043C922-D9F8-4938-8B40-C7990E4D31EB}"
EndProject
Global
	GlobalSection(SolutionConfigurationPlatforms) = preSolution
		Debug|Any CPU = Debug|Any CPU
		Release|Any CPU = Release|Any CPU
	EndGlobalSection
	GlobalSection(ProjectConfigurationPlatforms) = postSolution
		{8043C922-D9F8-4938-8B40-C7990E4D31EB}.Debug|Any CPU.ActiveCfg = Debug|Any CPU
		{8043C922-D9F8-4938-8B40-C7990E4D31EB}.Debug|Any CPU.Build.0 = Debug|Any CPU
		{8043C922-D9F8-4938-8B40-C7990E4D31EB}.Release|Any CPU.ActiveCfg = Release|Any CPU
		{8043C922-D9F8-4938-8B40-C7990E4D31EB}.Release|Any CPU.Build.0 = Release|Any CPU
	EndGlobalSection
	GlobalSection(SolutionProperties) = preSolution
		HideSolutionNode = FALSE
	EndGlobalSection
	GlobalSection(ExtensibilityGlobals) = postSolution
		SolutionGuid = {DB570C2C-D75E-4046-BDB8-70D83442D2B1}
	EndGlobalSection
EndGlobal
