
Microsoft Visual Studio Solution File, Format Version 12.00
# Visual Studio Version 17
VisualStudioVersion = 17.5.002.0
MinimumVisualStudioVersion = 10.0.40219.1
Project("{9A19103F-16F7-4668-BE54-9A1E7A4F7556}") = "test", "test.csproj", "{1F3BFA1B-3B39-4BAF-B887-84FD8B2216C6}"
EndProject
Global
	GlobalSection(SolutionConfigurationPlatforms) = preSolution
		Debug|Any CPU = Debug|Any CPU
		Release|Any CPU = Release|Any CPU
	EndGlobalSection
	GlobalSection(ProjectConfigurationPlatforms) = postSolution
		{1F3BFA1B-3B39-4BAF-B887-84FD8B2216C6}.Debug|Any CPU.ActiveCfg = Debug|Any CPU
		{1F3BFA1B-3B39-4BAF-B887-84FD8B2216C6}.Debug|Any CPU.Build.0 = Debug|Any CPU
		{1F3BFA1B-3B39-4BAF-B887-84FD8B2216C6}.Release|Any CPU.ActiveCfg = Release|Any CPU
		{1F3BFA1B-3B39-4BAF-B887-84FD8B2216C6}.Release|Any CPU.Build.0 = Release|Any CPU
	EndGlobalSection
	GlobalSection(SolutionProperties) = preSolution
		HideSolutionNode = FALSE
	EndGlobalSection
	GlobalSection(ExtensibilityGlobals) = postSolution
		SolutionGuid = {88F5F8CB-BF01-4BB7-8CF1-EC528FF5AB50}
	EndGlobalSection
EndGlobal
